
Microsoft Visual Studio Solution File, Format Version 12.00
# Visual Studio Version 17
VisualStudioVersion = 17.9.34728.123
MinimumVisualStudioVersion = 10.0.40219.1
Project("{9A19103F-16F7-4668-BE54-9A1E7A4F7556}") = "TextSearcher", "TextSearcher\TextSearcher.csproj", "{3C244F19-ECF5-4D19-9A1C-63FC141FE23A}"
EndProject
Global
	GlobalSection(SolutionConfigurationPlatforms) = preSolution
		Debug|Any CPU = Debug|Any CPU
		Release|Any CPU = Release|Any CPU
	EndGlobalSection
	GlobalSection(ProjectConfigurationPlatforms) = postSolution
		{3C244F19-ECF5-4D19-9A1C-63FC141FE23A}.Debug|Any CPU.ActiveCfg = Debug|Any CPU
		{3C244F19-ECF5-4D19-9A1C-63FC141FE23A}.Debug|Any CPU.Build.0 = Debug|Any CPU
		{3C244F19-ECF5-4D19-9A1C-63FC141FE23A}.Release|Any CPU.ActiveCfg = Release|Any CPU
		{3C244F19-ECF5-4D19-9A1C-63FC141FE23A}.Release|Any CPU.Build.0 = Release|Any CPU
	EndGlobalSection
	GlobalSection(SolutionProperties) = preSolution
		HideSolutionNode = FALSE
	EndGlobalSection
	GlobalSection(ExtensibilityGlobals) = postSolution
		SolutionGuid = {175704CF-E507-467D-8739-532D3E34533B}
	EndGlobalSection
EndGlobal
